
Microsoft Visual Studio Solution File, Format Version 12.00
# Visual Studio Version 16
VisualStudioVersion = 16.0.29411.108
MinimumVisualStudioVersion = 10.0.40219.1
Project("{FAE04EC0-301F-11D3-BF4B-00C04F79EFBC}") = "ImageGalleryTest", "ImageGalleryTest\ImageGalleryTest.csproj", "{868BC04B-FB02-47A4-84FB-A3594E792AD3}"
EndProject
Global
	GlobalSection(SolutionConfigurationPlatforms) = preSolution
		Debug|Any CPU = Debug|Any CPU
		Release|Any CPU = Release|Any CPU
	EndGlobalSection
	GlobalSection(ProjectConfigurationPlatforms) = postSolution
		{868BC04B-FB02-47A4-84FB-A3594E792AD3}.Debug|Any CPU.ActiveCfg = Debug|Any CPU
		{868BC04B-FB02-47A4-84FB-A3594E792AD3}.Debug|Any CPU.Build.0 = Debug|Any CPU
		{868BC04B-FB02-47A4-84FB-A3594E792AD3}.Release|Any CPU.ActiveCfg = Release|Any CPU
		{868BC04B-FB02-47A4-84FB-A3594E792AD3}.Release|Any CPU.Build.0 = Release|Any CPU
	EndGlobalSection
	GlobalSection(SolutionProperties) = preSolution
		HideSolutionNode = FALSE
	EndGlobalSection
	GlobalSection(ExtensibilityGlobals) = postSolution
		SolutionGuid = {B169B863-9427-488E-A6B3-510DD0083EB2}
	EndGlobalSection
EndGlobal
